
Microsoft Visual Studio Solution File, Format Version 12.00
# Visual Studio Version 17
VisualStudioVersion = 17.8.34330.188
MinimumVisualStudioVersion = 10.0.40219.1
Project("{FAE04EC0-301F-11D3-BF4B-00C04F79EFBC}") = "iCAPS_template", "iCAPS_template\iCAPS_template.csproj", "{7B55478C-C488-4E0F-AB57-A1C632E19CB8}"
EndProject
Global
	GlobalSection(SolutionConfigurationPlatforms) = preSolution
		Debug|Any CPU = Debug|Any CPU
		Release|Any CPU = Release|Any CPU
	EndGlobalSection
	GlobalSection(ProjectConfigurationPlatforms) = postSolution
		{7B55478C-C488-4E0F-AB57-A1C632E19CB8}.Debug|Any CPU.ActiveCfg = Debug|Any CPU
		{7B55478C-C488-4E0F-AB57-A1C632E19CB8}.Debug|Any CPU.Build.0 = Debug|Any CPU
		{7B55478C-C488-4E0F-AB57-A1C632E19CB8}.Release|Any CPU.ActiveCfg = Release|Any CPU
		{7B55478C-C488-4E0F-AB57-A1C632E19CB8}.Release|Any CPU.Build.0 = Release|Any CPU
	EndGlobalSection
	GlobalSection(SolutionProperties) = preSolution
		HideSolutionNode = FALSE
	EndGlobalSection
	GlobalSection(ExtensibilityGlobals) = postSolution
		SolutionGuid = {906BF096-6B1E-47EA-8C88-EA616B78DB37}
	EndGlobalSection
EndGlobal
